
Microsoft Visual Studio Solution File, Format Version 12.00
# Visual Studio Version 17
VisualStudioVersion = 17.4.33213.308
MinimumVisualStudioVersion = 10.0.40219.1
Project("{9A19103F-16F7-4668-BE54-9A1E7A4F7556}") = "Hotelio.Bootstrapper", "src\Bootstrapper\Hotelio.Bootstrapper\Hotelio.Bootstrapper.csproj", "{630721FB-A01C-4412-B0F1-CD83A1D039D2}"
EndProject
Project("{2150E333-8FDC-42A3-9474-1A3956D46DE8}") = "Bootstrapper", "Bootstrapper", "{F5032891-5513-4BDF-BC4E-0E87D78D0374}"
EndProject
Project("{2150E333-8FDC-42A3-9474-1A3956D46DE8}") = "Modules", "Modules", "{F1E450D8-CE9C-4C59-9277-E32EE5EFEF8C}"
EndProject
Project("{2150E333-8FDC-42A3-9474-1A3956D46DE8}") = "Booking", "Booking", "{B3ED4A7B-2D6F-4C87-8932-99FE4372E7DA}"
EndProject
Project("{9A19103F-16F7-4668-BE54-9A1E7A4F7556}") = "Hotelio.Modules.Booking.Domain", "src\Modules\Booking\Hotelio.Modules.Booking.Domain\Hotelio.Modules.Booking.Domain.csproj", "{8910E19C-EC9F-4A1C-89A2-446E8D4E78CA}"
EndProject
Project("{9A19103F-16F7-4668-BE54-9A1E7A4F7556}") = "Hotelio.Modules.Booking.Infrastructure", "src\Modules\Booking\Hotelio.Modules.Booking.Infrastructure\Hotelio.Modules.Booking.Infrastructure.csproj", "{73E648DA-4C46-4929-AE06-C31EDA7FA996}"
EndProject
Project("{2150E333-8FDC-42A3-9474-1A3956D46DE8}") = "Shared", "Shared", "{E7F637DE-3A24-44E9-B2B1-035D061C27FE}"
EndProject
Project("{9A19103F-16F7-4668-BE54-9A1E7A4F7556}") = "Hotelio.Shared", "src\Shared\Hotelio.Shared\Hotelio.Shared.csproj", "{FB3217C8-A749-4575-B7F3-286355126A43}"
EndProject
Project("{9A19103F-16F7-4668-BE54-9A1E7A4F7556}") = "Hotelio.Modules.Booking.Shared", "src\Modules\Booking\Hotelio.Modules.Booking.Shared\Hotelio.Modules.Booking.Shared.csproj", "{EC1E0C06-6C10-4B2A-9157-B199F2AEC532}"
EndProject
Project("{2150E333-8FDC-42A3-9474-1A3956D46DE8}") = "Test", "Test", "{9674D4C5-FA88-4A11-95BA-40FB84B861C5}"
EndProject
Project("{FAE04EC0-301F-11D3-BF4B-00C04F79EFBC}") = "Hotelio.Modules.Booking.Test.Unit", "src\Modules\Booking\Test\Hotelio.Modules.Booking.Test.Unit\Hotelio.Modules.Booking.Test.Unit.csproj", "{F9338BE8-B6D4-496E-AF2C-1F9F8F2C6171}"
EndProject
Project("{FAE04EC0-301F-11D3-BF4B-00C04F79EFBC}") = "Hotelio.Modules.Booking.Api", "src\Modules\Booking\Hotelio.Modules.Booking.Api\Hotelio.Modules.Booking.Api.csproj", "{779B176C-B06E-4958-B78E-EA2140C2D448}"
EndProject
Project("{9344BDBB-3E7F-41FC-A0DD-8665D75EE146}") = "Hotelio.Modules.Booking.Application", "src\Modules\Booking\Hotelio.Modules.Booking.Application\Hotelio.Modules.Booking.Application.csproj", "{D9A8B042-3D7B-4F96-8A1D-0D938ECF635B}"
EndProject
Project("{2150E333-8FDC-42A3-9474-1A3956D46DE8}") = "Availability", "Availability", "{0AA41D1B-4ECE-4CC6-90E0-241EC1CE175F}"
EndProject
Project("{FAE04EC0-301F-11D3-BF4B-00C04F79EFBC}") = "Hotelio.Modules.Availability.Domain", "src\Modules\Availability\Hotelio.Modules.Availability.Domain\Hotelio.Modules.Availability.Domain.csproj", "{478DE620-CC28-4CE5-9FB7-1D2FA4CB2810}"
EndProject
Project("{2150E333-8FDC-42A3-9474-1A3956D46DE8}") = "Test", "Test", "{8314C153-EE55-495B-8F94-83CD44B42EDF}"
EndProject
Project("{FAE04EC0-301F-11D3-BF4B-00C04F79EFBC}") = "Hotelio.Modules.Availability.Test.Unit", "src\Modules\Availability\Test\Hotelio.Modules.Availability.Test.Unit\Hotelio.Modules.Availability.Test.Unit.csproj", "{E9EEE758-19BB-4867-A97E-F69959A9EFCE}"
EndProject
Project("{FAE04EC0-301F-11D3-BF4B-00C04F79EFBC}") = "Hotelio.Modules.Availability.Application", "src\Modules\Availability\Hotelio.Modules.Availability.Application\Hotelio.Modules.Availability.Application.csproj", "{4044DB4F-257C-43D3-9DC7-264E917AD00C}"
EndProject
Project("{FAE04EC0-301F-11D3-BF4B-00C04F79EFBC}") = "Hotelio.Modules.Availability.Infrastructure", "src\Modules\Availability\Hotelio.Modules.Availability.Infrastructure\Hotelio.Modules.Availability.Infrastructure.csproj", "{49D14AD1-73D5-41D0-8804-C9106D866231}"
EndProject
Project("{FAE04EC0-301F-11D3-BF4B-00C04F79EFBC}") = "Hotelio.Modules.Availability.Api", "src\Modules\Availability\Hotelio.Modules.Availability.Api\Hotelio.Modules.Availability.Api.csproj", "{23EA7956-2717-4F67-A28D-436534A844DA}"
EndProject
Project("{2150E333-8FDC-42A3-9474-1A3956D46DE8}") = "CrossContext", "CrossContext", "{BB2E43C9-657B-405A-AB12-F8608C90378E}"
EndProject
Project("{FAE04EC0-301F-11D3-BF4B-00C04F79EFBC}") = "Hotelio.CrossContext.Contract", "src\CrossContext\Hotelio.CrossContext.Contract\Hotelio.CrossContext.Contract.csproj", "{933A6A2F-0D62-4C59-B300-894B34A7A74C}"
EndProject
Project("{2150E333-8FDC-42A3-9474-1A3956D46DE8}") = "HotelManagement", "HotelManagement", "{4FE400B8-A56E-4224-AC2D-F77F51544526}"
EndProject
Project("{FAE04EC0-301F-11D3-BF4B-00C04F79EFBC}") = "Hotelio.Modules.HotelManagement.Api", "src\Modules\HotelManagement\Hotelio.Modules.HotelManagement.Api\Hotelio.Modules.HotelManagement.Api.csproj", "{BF347EA7-21A9-4A66-B626-77B3F9FBF9C1}"
EndProject
Project("{FAE04EC0-301F-11D3-BF4B-00C04F79EFBC}") = "Hotelio.Modules.Booking.Test.EndToEnd", "src\Modules\Booking\Test\Hotelio.Modules.Booking.Test.EndToEnd\Hotelio.Modules.Booking.Test.EndToEnd.csproj", "{C795C659-FBB2-4BC4-B6ED-6EC7019BBF09}"
EndProject
Global
	GlobalSection(SolutionConfigurationPlatforms) = preSolution
		Debug|Any CPU = Debug|Any CPU
		Release|Any CPU = Release|Any CPU
	EndGlobalSection
	GlobalSection(ProjectConfigurationPlatforms) = postSolution
		{630721FB-A01C-4412-B0F1-CD83A1D039D2}.Debug|Any CPU.ActiveCfg = Debug|Any CPU
		{630721FB-A01C-4412-B0F1-CD83A1D039D2}.Debug|Any CPU.Build.0 = Debug|Any CPU
		{630721FB-A01C-4412-B0F1-CD83A1D039D2}.Release|Any CPU.ActiveCfg = Release|Any CPU
		{630721FB-A01C-4412-B0F1-CD83A1D039D2}.Release|Any CPU.Build.0 = Release|Any CPU
		{8910E19C-EC9F-4A1C-89A2-446E8D4E78CA}.Debug|Any CPU.ActiveCfg = Debug|Any CPU
		{8910E19C-EC9F-4A1C-89A2-446E8D4E78CA}.Debug|Any CPU.Build.0 = Debug|Any CPU
		{8910E19C-EC9F-4A1C-89A2-446E8D4E78CA}.Release|Any CPU.ActiveCfg = Release|Any CPU
		{8910E19C-EC9F-4A1C-89A2-446E8D4E78CA}.Release|Any CPU.Build.0 = Release|Any CPU
		{73E648DA-4C46-4929-AE06-C31EDA7FA996}.Debug|Any CPU.ActiveCfg = Debug|Any CPU
		{73E648DA-4C46-4929-AE06-C31EDA7FA996}.Debug|Any CPU.Build.0 = Debug|Any CPU
		{73E648DA-4C46-4929-AE06-C31EDA7FA996}.Release|Any CPU.ActiveCfg = Release|Any CPU
		{73E648DA-4C46-4929-AE06-C31EDA7FA996}.Release|Any CPU.Build.0 = Release|Any CPU
		{FB3217C8-A749-4575-B7F3-286355126A43}.Debug|Any CPU.ActiveCfg = Debug|Any CPU
		{FB3217C8-A749-4575-B7F3-286355126A43}.Debug|Any CPU.Build.0 = Debug|Any CPU
		{FB3217C8-A749-4575-B7F3-286355126A43}.Release|Any CPU.ActiveCfg = Release|Any CPU
		{FB3217C8-A749-4575-B7F3-286355126A43}.Release|Any CPU.Build.0 = Release|Any CPU
		{EC1E0C06-6C10-4B2A-9157-B199F2AEC532}.Debug|Any CPU.ActiveCfg = Debug|Any CPU
		{EC1E0C06-6C10-4B2A-9157-B199F2AEC532}.Debug|Any CPU.Build.0 = Debug|Any CPU
		{EC1E0C06-6C10-4B2A-9157-B199F2AEC532}.Release|Any CPU.ActiveCfg = Release|Any CPU
		{EC1E0C06-6C10-4B2A-9157-B199F2AEC532}.Release|Any CPU.Build.0 = Release|Any CPU
		{F9338BE8-B6D4-496E-AF2C-1F9F8F2C6171}.Debug|Any CPU.ActiveCfg = Debug|Any CPU
		{F9338BE8-B6D4-496E-AF2C-1F9F8F2C6171}.Debug|Any CPU.Build.0 = Debug|Any CPU
		{F9338BE8-B6D4-496E-AF2C-1F9F8F2C6171}.Release|Any CPU.ActiveCfg = Release|Any CPU
		{F9338BE8-B6D4-496E-AF2C-1F9F8F2C6171}.Release|Any CPU.Build.0 = Release|Any CPU
		{779B176C-B06E-4958-B78E-EA2140C2D448}.Debug|Any CPU.ActiveCfg = Debug|Any CPU
		{779B176C-B06E-4958-B78E-EA2140C2D448}.Debug|Any CPU.Build.0 = Debug|Any CPU
		{779B176C-B06E-4958-B78E-EA2140C2D448}.Release|Any CPU.ActiveCfg = Release|Any CPU
		{779B176C-B06E-4958-B78E-EA2140C2D448}.Release|Any CPU.Build.0 = Release|Any CPU
		{D9A8B042-3D7B-4F96-8A1D-0D938ECF635B}.Debug|Any CPU.ActiveCfg = Debug|Any CPU
		{D9A8B042-3D7B-4F96-8A1D-0D938ECF635B}.Debug|Any CPU.Build.0 = Debug|Any CPU
		{D9A8B042-3D7B-4F96-8A1D-0D938ECF635B}.Release|Any CPU.ActiveCfg = Release|Any CPU
		{D9A8B042-3D7B-4F96-8A1D-0D938ECF635B}.Release|Any CPU.Build.0 = Release|Any CPU
		{478DE620-CC28-4CE5-9FB7-1D2FA4CB2810}.Debug|Any CPU.ActiveCfg = Debug|Any CPU
		{478DE620-CC28-4CE5-9FB7-1D2FA4CB2810}.Debug|Any CPU.Build.0 = Debug|Any CPU
		{478DE620-CC28-4CE5-9FB7-1D2FA4CB2810}.Release|Any CPU.ActiveCfg = Release|Any CPU
		{478DE620-CC28-4CE5-9FB7-1D2FA4CB2810}.Release|Any CPU.Build.0 = Release|Any CPU
		{E9EEE758-19BB-4867-A97E-F69959A9EFCE}.Debug|Any CPU.ActiveCfg = Debug|Any CPU
		{E9EEE758-19BB-4867-A97E-F69959A9EFCE}.Debug|Any CPU.Build.0 = Debug|Any CPU
		{E9EEE758-19BB-4867-A97E-F69959A9EFCE}.Release|Any CPU.ActiveCfg = Release|Any CPU
		{E9EEE758-19BB-4867-A97E-F69959A9EFCE}.Release|Any CPU.Build.0 = Release|Any CPU
		{4044DB4F-257C-43D3-9DC7-264E917AD00C}.Debug|Any CPU.ActiveCfg = Debug|Any CPU
		{4044DB4F-257C-43D3-9DC7-264E917AD00C}.Debug|Any CPU.Build.0 = Debug|Any CPU
		{4044DB4F-257C-43D3-9DC7-264E917AD00C}.Release|Any CPU.ActiveCfg = Release|Any CPU
		{4044DB4F-257C-43D3-9DC7-264E917AD00C}.Release|Any CPU.Build.0 = Release|Any CPU
		{49D14AD1-73D5-41D0-8804-C9106D866231}.Debug|Any CPU.ActiveCfg = Debug|Any CPU
		{49D14AD1-73D5-41D0-8804-C9106D866231}.Debug|Any CPU.Build.0 = Debug|Any CPU
		{49D14AD1-73D5-41D0-8804-C9106D866231}.Release|Any CPU.ActiveCfg = Release|Any CPU
		{49D14AD1-73D5-41D0-8804-C9106D866231}.Release|Any CPU.Build.0 = Release|Any CPU
		{23EA7956-2717-4F67-A28D-436534A844DA}.Debug|Any CPU.ActiveCfg = Debug|Any CPU
		{23EA7956-2717-4F67-A28D-436534A844DA}.Debug|Any CPU.Build.0 = Debug|Any CPU
		{23EA7956-2717-4F67-A28D-436534A844DA}.Release|Any CPU.ActiveCfg = Release|Any CPU
		{23EA7956-2717-4F67-A28D-436534A844DA}.Release|Any CPU.Build.0 = Release|Any CPU
		{933A6A2F-0D62-4C59-B300-894B34A7A74C}.Debug|Any CPU.ActiveCfg = Debug|Any CPU
		{933A6A2F-0D62-4C59-B300-894B34A7A74C}.Debug|Any CPU.Build.0 = Debug|Any CPU
		{933A6A2F-0D62-4C59-B300-894B34A7A74C}.Release|Any CPU.ActiveCfg = Release|Any CPU
		{933A6A2F-0D62-4C59-B300-894B34A7A74C}.Release|Any CPU.Build.0 = Release|Any CPU
		{BF347EA7-21A9-4A66-B626-77B3F9FBF9C1}.Debug|Any CPU.ActiveCfg = Debug|Any CPU
		{BF347EA7-21A9-4A66-B626-77B3F9FBF9C1}.Debug|Any CPU.Build.0 = Debug|Any CPU
		{BF347EA7-21A9-4A66-B626-77B3F9FBF9C1}.Release|Any CPU.ActiveCfg = Release|Any CPU
		{BF347EA7-21A9-4A66-B626-77B3F9FBF9C1}.Release|Any CPU.Build.0 = Release|Any CPU
		{C795C659-FBB2-4BC4-B6ED-6EC7019BBF09}.Debug|Any CPU.ActiveCfg = Debug|Any CPU
		{C795C659-FBB2-4BC4-B6ED-6EC7019BBF09}.Debug|Any CPU.Build.0 = Debug|Any CPU
		{C795C659-FBB2-4BC4-B6ED-6EC7019BBF09}.Release|Any CPU.ActiveCfg = Release|Any CPU
		{C795C659-FBB2-4BC4-B6ED-6EC7019BBF09}.Release|Any CPU.Build.0 = Release|Any CPU
	EndGlobalSection
	GlobalSection(SolutionProperties) = preSolution
		HideSolutionNode = FALSE
	EndGlobalSection
	GlobalSection(NestedProjects) = preSolution
		{630721FB-A01C-4412-B0F1-CD83A1D039D2} = {F5032891-5513-4BDF-BC4E-0E87D78D0374}
		{B3ED4A7B-2D6F-4C87-8932-99FE4372E7DA} = {F1E450D8-CE9C-4C59-9277-E32EE5EFEF8C}
		{8910E19C-EC9F-4A1C-89A2-446E8D4E78CA} = {B3ED4A7B-2D6F-4C87-8932-99FE4372E7DA}
		{73E648DA-4C46-4929-AE06-C31EDA7FA996} = {B3ED4A7B-2D6F-4C87-8932-99FE4372E7DA}
		{FB3217C8-A749-4575-B7F3-286355126A43} = {E7F637DE-3A24-44E9-B2B1-035D061C27FE}
		{EC1E0C06-6C10-4B2A-9157-B199F2AEC532} = {B3ED4A7B-2D6F-4C87-8932-99FE4372E7DA}
		{9674D4C5-FA88-4A11-95BA-40FB84B861C5} = {B3ED4A7B-2D6F-4C87-8932-99FE4372E7DA}
		{F9338BE8-B6D4-496E-AF2C-1F9F8F2C6171} = {9674D4C5-FA88-4A11-95BA-40FB84B861C5}
		{779B176C-B06E-4958-B78E-EA2140C2D448} = {B3ED4A7B-2D6F-4C87-8932-99FE4372E7DA}
		{D9A8B042-3D7B-4F96-8A1D-0D938ECF635B} = {B3ED4A7B-2D6F-4C87-8932-99FE4372E7DA}
		{0AA41D1B-4ECE-4CC6-90E0-241EC1CE175F} = {F1E450D8-CE9C-4C59-9277-E32EE5EFEF8C}
		{478DE620-CC28-4CE5-9FB7-1D2FA4CB2810} = {0AA41D1B-4ECE-4CC6-90E0-241EC1CE175F}
		{8314C153-EE55-495B-8F94-83CD44B42EDF} = {0AA41D1B-4ECE-4CC6-90E0-241EC1CE175F}
		{E9EEE758-19BB-4867-A97E-F69959A9EFCE} = {8314C153-EE55-495B-8F94-83CD44B42EDF}
		{4044DB4F-257C-43D3-9DC7-264E917AD00C} = {0AA41D1B-4ECE-4CC6-90E0-241EC1CE175F}
		{49D14AD1-73D5-41D0-8804-C9106D866231} = {0AA41D1B-4ECE-4CC6-90E0-241EC1CE175F}
		{23EA7956-2717-4F67-A28D-436534A844DA} = {0AA41D1B-4ECE-4CC6-90E0-241EC1CE175F}
		{933A6A2F-0D62-4C59-B300-894B34A7A74C} = {BB2E43C9-657B-405A-AB12-F8608C90378E}
		{4FE400B8-A56E-4224-AC2D-F77F51544526} = {F1E450D8-CE9C-4C59-9277-E32EE5EFEF8C}
		{BF347EA7-21A9-4A66-B626-77B3F9FBF9C1} = {4FE400B8-A56E-4224-AC2D-F77F51544526}
		{C795C659-FBB2-4BC4-B6ED-6EC7019BBF09} = {9674D4C5-FA88-4A11-95BA-40FB84B861C5}
	EndGlobalSection
	GlobalSection(ExtensibilityGlobals) = postSolution
		SolutionGuid = {55A9D6BB-3787-4879-8A51-13F25C1151DD}
	EndGlobalSection
EndGlobal
